// !$*UTF8*$!
{
	archiveVersion = 1;
	classes = {
	};
	objectVersion = 56;
	objects = {

/* Begin PBXBuildFile section */
		742AF834293C45E900BBBD5C /* HexagonParameters.swift in Sources */ = {isa = PBXBuildFile; fileRef = 742AF833293C45E900BBBD5C /* HexagonParameters.swift */; };
		742AF836293C48A600BBBD5C /* BadgeBackground.swift in Sources */ = {isa = PBXBuildFile; fileRef = 742AF835293C48A600BBBD5C /* BadgeBackground.swift */; };
		747B3F94292C929500992A5F /* LandmarksApp.swift in Sources */ = {isa = PBXBuildFile; fileRef = 747B3F93292C929500992A5F /* LandmarksApp.swift */; };
		747B3F96292C929500992A5F /* ContentView.swift in Sources */ = {isa = PBXBuildFile; fileRef = 747B3F95292C929500992A5F /* ContentView.swift */; };
		747B3F98292C929700992A5F /* Assets.xcassets in Resources */ = {isa = PBXBuildFile; fileRef = 747B3F97292C929700992A5F /* Assets.xcassets */; };
		747B3F9B292C929700992A5F /* Preview Assets.xcassets in Resources */ = {isa = PBXBuildFile; fileRef = 747B3F9A292C929700992A5F /* Preview Assets.xcassets */; };
		747B3FA5292C929700992A5F /* LandmarksTests.swift in Sources */ = {isa = PBXBuildFile; fileRef = 747B3FA4292C929700992A5F /* LandmarksTests.swift */; };
		747B3FAF292C929700992A5F /* LandmarksUITests.swift in Sources */ = {isa = PBXBuildFile; fileRef = 747B3FAE292C929700992A5F /* LandmarksUITests.swift */; };
		747B3FB1292C929700992A5F /* LandmarksUITestsLaunchTests.swift in Sources */ = {isa = PBXBuildFile; fileRef = 747B3FB0292C929700992A5F /* LandmarksUITestsLaunchTests.swift */; };
		747B3FBE292C99E200992A5F /* CircleImage.swift in Sources */ = {isa = PBXBuildFile; fileRef = 747B3FBD292C99E200992A5F /* CircleImage.swift */; };
		747B3FC0292C9BC400992A5F /* MapView.swift in Sources */ = {isa = PBXBuildFile; fileRef = 747B3FBF292C9BC400992A5F /* MapView.swift */; };
		747B3FC2292D6DE400992A5F /* landmarkData.json in Resources */ = {isa = PBXBuildFile; fileRef = 747B3FC1292D6DE400992A5F /* landmarkData.json */; };
		747B3FC4292D6E0200992A5F /* Landmark.swift in Sources */ = {isa = PBXBuildFile; fileRef = 747B3FC3292D6E0200992A5F /* Landmark.swift */; };
		747B3FC6292D6FEA00992A5F /* ModelData.swift in Sources */ = {isa = PBXBuildFile; fileRef = 747B3FC5292D6FEA00992A5F /* ModelData.swift */; };
		747B3FCD292D718100992A5F /* LandmarkRow.swift in Sources */ = {isa = PBXBuildFile; fileRef = 747B3FCC292D718100992A5F /* LandmarkRow.swift */; };
		747B3FCF292D740800992A5F /* LandmarkList.swift in Sources */ = {isa = PBXBuildFile; fileRef = 747B3FCE292D740800992A5F /* LandmarkList.swift */; };
		747B3FD1292D76DC00992A5F /* LandmarkDetail.swift in Sources */ = {isa = PBXBuildFile; fileRef = 747B3FD0292D76DC00992A5F /* LandmarkDetail.swift */; };
		747B3FD3293AEBB400992A5F /* FavoriteButton.swift in Sources */ = {isa = PBXBuildFile; fileRef = 747B3FD2293AEBB400992A5F /* FavoriteButton.swift */; };
/* End PBXBuildFile section */

/* Begin PBXContainerItemProxy section */
		747B3FA1292C929700992A5F /* PBXContainerItemProxy */ = {
			isa = PBXContainerItemProxy;
			containerPortal = 747B3F88292C929400992A5F /* Project object */;
			proxyType = 1;
			remoteGlobalIDString = 747B3F8F292C929500992A5F;
			remoteInfo = Landmarks;
		};
		747B3FAB292C929700992A5F /* PBXContainerItemProxy */ = {
			isa = PBXContainerItemProxy;
			containerPortal = 747B3F88292C929400992A5F /* Project object */;
			proxyType = 1;
			remoteGlobalIDString = 747B3F8F292C929500992A5F;
			remoteInfo = Landmarks;
		};
/* End PBXContainerItemProxy section */

/* Begin PBXFileReference section */
		742AF833293C45E900BBBD5C /* HexagonParameters.swift */ = {isa = PBXFileReference; lastKnownFileType = sourcecode.swift; path = HexagonParameters.swift; sourceTree = "<group>"; };
		742AF835293C48A600BBBD5C /* BadgeBackground.swift */ = {isa = PBXFileReference; lastKnownFileType = sourcecode.swift; path = BadgeBackground.swift; sourceTree = "<group>"; };
		747B3F90292C929500992A5F /* Landmarks.app */ = {isa = PBXFileReference; explicitFileType = wrapper.application; includeInIndex = 0; path = Landmarks.app; sourceTree = BUILT_PRODUCTS_DIR; };
		747B3F93292C929500992A5F /* LandmarksApp.swift */ = {isa = PBXFileReference; lastKnownFileType = sourcecode.swift; path = LandmarksApp.swift; sourceTree = "<group>"; };
		747B3F95292C929500992A5F /* ContentView.swift */ = {isa = PBXFileReference; lastKnownFileType = sourcecode.swift; path = ContentView.swift; sourceTree = "<group>"; };
		747B3F97292C929700992A5F /* Assets.xcassets */ = {isa = PBXFileReference; lastKnownFileType = folder.assetcatalog; path = Assets.xcassets; sourceTree = "<group>"; };
		747B3F9A292C929700992A5F /* Preview Assets.xcassets */ = {isa = PBXFileReference; lastKnownFileType = folder.assetcatalog; path = "Preview Assets.xcassets"; sourceTree = "<group>"; };
		747B3FA0292C929700992A5F /* LandmarksTests.xctest */ = {isa = PBXFileReference; explicitFileType = wrapper.cfbundle; includeInIndex = 0; path = LandmarksTests.xctest; sourceTree = BUILT_PRODUCTS_DIR; };
		747B3FA4292C929700992A5F /* LandmarksTests.swift */ = {isa = PBXFileReference; lastKnownFileType = sourcecode.swift; path = LandmarksTests.swift; sourceTree = "<group>"; };
		747B3FAA292C929700992A5F /* LandmarksUITests.xctest */ = {isa = PBXFileReference; explicitFileType = wrapper.cfbundle; includeInIndex = 0; path = LandmarksUITests.xctest; sourceTree = BUILT_PRODUCTS_DIR; };
		747B3FAE292C929700992A5F /* LandmarksUITests.swift */ = {isa = PBXFileReference; lastKnownFileType = sourcecode.swift; path = LandmarksUITests.swift; sourceTree = "<group>"; };
		747B3FB0292C929700992A5F /* LandmarksUITestsLaunchTests.swift */ = {isa = PBXFileReference; lastKnownFileType = sourcecode.swift; path = LandmarksUITestsLaunchTests.swift; sourceTree = "<group>"; };
		747B3FBD292C99E200992A5F /* CircleImage.swift */ = {isa = PBXFileReference; lastKnownFileType = sourcecode.swift; path = CircleImage.swift; sourceTree = "<group>"; };
		747B3FBF292C9BC400992A5F /* MapView.swift */ = {isa = PBXFileReference; lastKnownFileType = sourcecode.swift; path = MapView.swift; sourceTree = "<group>"; };
		747B3FC1292D6DE400992A5F /* landmarkData.json */ = {isa = PBXFileReference; fileEncoding = 4; lastKnownFileType = text.json; path = landmarkData.json; sourceTree = "<group>"; };
		747B3FC3292D6E0200992A5F /* Landmark.swift */ = {isa = PBXFileReference; lastKnownFileType = sourcecode.swift; path = Landmark.swift; sourceTree = "<group>"; };
		747B3FC5292D6FEA00992A5F /* ModelData.swift */ = {isa = PBXFileReference; lastKnownFileType = sourcecode.swift; path = ModelData.swift; sourceTree = "<group>"; };
		747B3FCC292D718100992A5F /* LandmarkRow.swift */ = {isa = PBXFileReference; lastKnownFileType = sourcecode.swift; path = LandmarkRow.swift; sourceTree = "<group>"; };
		747B3FCE292D740800992A5F /* LandmarkList.swift */ = {isa = PBXFileReference; lastKnownFileType = sourcecode.swift; path = LandmarkList.swift; sourceTree = "<group>"; };
		747B3FD0292D76DC00992A5F /* LandmarkDetail.swift */ = {isa = PBXFileReference; lastKnownFileType = sourcecode.swift; path = LandmarkDetail.swift; sourceTree = "<group>"; };
		747B3FD2293AEBB400992A5F /* FavoriteButton.swift */ = {isa = PBXFileReference; lastKnownFileType = sourcecode.swift; path = FavoriteButton.swift; sourceTree = "<group>"; };
/* End PBXFileReference section */

/* Begin PBXFrameworksBuildPhase section */
		747B3F8D292C929500992A5F /* Frameworks */ = {
			isa = PBXFrameworksBuildPhase;
			buildActionMask = 2147483647;
			files = (
			);
			runOnlyForDeploymentPostprocessing = 0;
		};
		747B3F9D292C929700992A5F /* Frameworks */ = {
			isa = PBXFrameworksBuildPhase;
			buildActionMask = 2147483647;
			files = (
			);
			runOnlyForDeploymentPostprocessing = 0;
		};
		747B3FA7292C929700992A5F /* Frameworks */ = {
			isa = PBXFrameworksBuildPhase;
			buildActionMask = 2147483647;
			files = (
			);
			runOnlyForDeploymentPostprocessing = 0;
		};
/* End PBXFrameworksBuildPhase section */

/* Begin PBXGroup section */
		747B3F87292C929400992A5F = {
			isa = PBXGroup;
			children = (
				747B3F92292C929500992A5F /* Landmarks */,
				747B3F97292C929700992A5F /* Assets.xcassets */,
				747B3FA3292C929700992A5F /* LandmarksTests */,
				747B3FAD292C929700992A5F /* LandmarksUITests */,
				747B3F91292C929500992A5F /* Products */,
			);
			sourceTree = "<group>";
		};
		747B3F91292C929500992A5F /* Products */ = {
			isa = PBXGroup;
			children = (
				747B3F90292C929500992A5F /* Landmarks.app */,
				747B3FA0292C929700992A5F /* LandmarksTests.xctest */,
				747B3FAA292C929700992A5F /* LandmarksUITests.xctest */,
			);
			name = Products;
			sourceTree = "<group>";
		};
		747B3F92292C929500992A5F /* Landmarks */ = {
			isa = PBXGroup;
			children = (
				747B3FC1292D6DE400992A5F /* landmarkData.json */,
				747B3FC7292D70CE00992A5F /* Views */,
				747B3FC8292D70DF00992A5F /* Model */,
				747B3FC9292D710500992A5F /* Resources */,
				747B3F99292C929700992A5F /* Preview Content */,
			);
			path = Landmarks;
			sourceTree = "<group>";
		};
		747B3F99292C929700992A5F /* Preview Content */ = {
			isa = PBXGroup;
			children = (
				747B3F9A292C929700992A5F /* Preview Assets.xcassets */,
			);
			path = "Preview Content";
			sourceTree = "<group>";
		};
		747B3FA3292C929700992A5F /* LandmarksTests */ = {
			isa = PBXGroup;
			children = (
				747B3FA4292C929700992A5F /* LandmarksTests.swift */,
			);
			path = LandmarksTests;
			sourceTree = "<group>";
		};
		747B3FAD292C929700992A5F /* LandmarksUITests */ = {
			isa = PBXGroup;
			children = (
				747B3FAE292C929700992A5F /* LandmarksUITests.swift */,
				747B3FB0292C929700992A5F /* LandmarksUITestsLaunchTests.swift */,
			);
			path = LandmarksUITests;
			sourceTree = "<group>";
		};
		747B3FC7292D70CE00992A5F /* Views */ = {
			isa = PBXGroup;
			children = (
				742AF833293C45E900BBBD5C /* HexagonParameters.swift */,
				747B3F95292C929500992A5F /* ContentView.swift */,
				747B3FD4293AEC6700992A5F /* Landmarks */,
				747B3FD5293AEC7500992A5F /* Helpers */,
				742AF835293C48A600BBBD5C /* BadgeBackground.swift */,
			);
			path = Views;
			sourceTree = "<group>";
		};
		747B3FC8292D70DF00992A5F /* Model */ = {
			isa = PBXGroup;
			children = (
				747B3FC3292D6E0200992A5F /* Landmark.swift */,
				747B3FC5292D6FEA00992A5F /* ModelData.swift */,
			);
			path = Model;
			sourceTree = "<group>";
		};
		747B3FC9292D710500992A5F /* Resources */ = {
			isa = PBXGroup;
			children = (
				747B3F93292C929500992A5F /* LandmarksApp.swift */,
			);
			path = Resources;
			sourceTree = "<group>";
		};
		747B3FD4293AEC6700992A5F /* Landmarks */ = {
			isa = PBXGroup;
			children = (
				747B3FCC292D718100992A5F /* LandmarkRow.swift */,
				747B3FCE292D740800992A5F /* LandmarkList.swift */,
				747B3FD0292D76DC00992A5F /* LandmarkDetail.swift */,
			);
			path = Landmarks;
			sourceTree = "<group>";
		};
		747B3FD5293AEC7500992A5F /* Helpers */ = {
			isa = PBXGroup;
			children = (
				747B3FD2293AEBB400992A5F /* FavoriteButton.swift */,
				747B3FBD292C99E200992A5F /* CircleImage.swift */,
				747B3FBF292C9BC400992A5F /* MapView.swift */,
			);
			path = Helpers;
			sourceTree = "<group>";
		};
/* End PBXGroup section */

/* Begin PBXNativeTarget section */
		747B3F8F292C929500992A5F /* Landmarks */ = {
			isa = PBXNativeTarget;
			buildConfigurationList = 747B3FB4292C929700992A5F /* Build configuration list for PBXNativeTarget "Landmarks" */;
			buildPhases = (
				747B3F8C292C929500992A5F /* Sources */,
				747B3F8D292C929500992A5F /* Frameworks */,
				747B3F8E292C929500992A5F /* Resources */,
			);
			buildRules = (
			);
			dependencies = (
			);
			name = Landmarks;
			productName = Landmarks;
			productReference = 747B3F90292C929500992A5F /* Landmarks.app */;
			productType = "com.apple.product-type.application";
		};
		747B3F9F292C929700992A5F /* LandmarksTests */ = {
			isa = PBXNativeTarget;
			buildConfigurationList = 747B3FB7292C929700992A5F /* Build configuration list for PBXNativeTarget "LandmarksTests" */;
			buildPhases = (
				747B3F9C292C929700992A5F /* Sources */,
				747B3F9D292C929700992A5F /* Frameworks */,
				747B3F9E292C929700992A5F /* Resources */,
			);
			buildRules = (
			);
			dependencies = (
				747B3FA2292C929700992A5F /* PBXTargetDependency */,
			);
			name = LandmarksTests;
			productName = LandmarksTests;
			productReference = 747B3FA0292C929700992A5F /* LandmarksTests.xctest */;
			productType = "com.apple.product-type.bundle.unit-test";
		};
		747B3FA9292C929700992A5F /* LandmarksUITests */ = {
			isa = PBXNativeTarget;
			buildConfigurationList = 747B3FBA292C929700992A5F /* Build configuration list for PBXNativeTarget "LandmarksUITests" */;
			buildPhases = (
				747B3FA6292C929700992A5F /* Sources */,
				747B3FA7292C929700992A5F /* Frameworks */,
				747B3FA8292C929700992A5F /* Resources */,
			);
			buildRules = (
			);
			dependencies = (
				747B3FAC292C929700992A5F /* PBXTargetDependency */,
			);
			name = LandmarksUITests;
			productName = LandmarksUITests;
			productReference = 747B3FAA292C929700992A5F /* LandmarksUITests.xctest */;
			productType = "com.apple.product-type.bundle.ui-testing";
		};
/* End PBXNativeTarget section */

/* Begin PBXProject section */
		747B3F88292C929400992A5F /* Project object */ = {
			isa = PBXProject;
			attributes = {
				BuildIndependentTargetsInParallel = 1;
				LastSwiftUpdateCheck = 1400;
				LastUpgradeCheck = 1400;
				TargetAttributes = {
					747B3F8F292C929500992A5F = {
						CreatedOnToolsVersion = 14.0;
					};
					747B3F9F292C929700992A5F = {
						CreatedOnToolsVersion = 14.0;
						TestTargetID = 747B3F8F292C929500992A5F;
					};
					747B3FA9292C929700992A5F = {
						CreatedOnToolsVersion = 14.0;
						TestTargetID = 747B3F8F292C929500992A5F;
					};
				};
			};
			buildConfigurationList = 747B3F8B292C929400992A5F /* Build configuration list for PBXProject "Landmarks" */;
			compatibilityVersion = "Xcode 14.0";
			developmentRegion = en;
			hasScannedForEncodings = 0;
			knownRegions = (
				en,
				Base,
			);
			mainGroup = 747B3F87292C929400992A5F;
			productRefGroup = 747B3F91292C929500992A5F /* Products */;
			projectDirPath = "";
			projectRoot = "";
			targets = (
				747B3F8F292C929500992A5F /* Landmarks */,
				747B3F9F292C929700992A5F /* LandmarksTests */,
				747B3FA9292C929700992A5F /* LandmarksUITests */,
			);
		};
/* End PBXProject section */

/* Begin PBXResourcesBuildPhase section */
		747B3F8E292C929500992A5F /* Resources */ = {
			isa = PBXResourcesBuildPhase;
			buildActionMask = 2147483647;
			files = (
				747B3F9B292C929700992A5F /* Preview Assets.xcassets in Resources */,
				747B3F98292C929700992A5F /* Assets.xcassets in Resources */,
				747B3FC2292D6DE400992A5F /* landmarkData.json in Resources */,
			);
			runOnlyForDeploymentPostprocessing = 0;
		};
		747B3F9E292C929700992A5F /* Resources */ = {
			isa = PBXResourcesBuildPhase;
			buildActionMask = 2147483647;
			files = (
			);
			runOnlyForDeploymentPostprocessing = 0;
		};
		747B3FA8292C929700992A5F /* Resources */ = {
			isa = PBXResourcesBuildPhase;
			buildActionMask = 2147483647;
			files = (
			);
			runOnlyForDeploymentPostprocessing = 0;
		};
/* End PBXResourcesBuildPhase section */

/* Begin PBXSourcesBuildPhase section */
		747B3F8C292C929500992A5F /* Sources */ = {
			isa = PBXSourcesBuildPhase;
			buildActionMask = 2147483647;
			files = (
				747B3F96292C929500992A5F /* ContentView.swift in Sources */,
				747B3FC0292C9BC400992A5F /* MapView.swift in Sources */,
				747B3F94292C929500992A5F /* LandmarksApp.swift in Sources */,
				747B3FD3293AEBB400992A5F /* FavoriteButton.swift in Sources */,
				742AF834293C45E900BBBD5C /* HexagonParameters.swift in Sources */,
				747B3FCF292D740800992A5F /* LandmarkList.swift in Sources */,
				747B3FD1292D76DC00992A5F /* LandmarkDetail.swift in Sources */,
				742AF836293C48A600BBBD5C /* BadgeBackground.swift in Sources */,
				747B3FBE292C99E200992A5F /* CircleImage.swift in Sources */,
				747B3FC4292D6E0200992A5F /* Landmark.swift in Sources */,
				747B3FCD292D718100992A5F /* LandmarkRow.swift in Sources */,
				747B3FC6292D6FEA00992A5F /* ModelData.swift in Sources */,
			);
			runOnlyForDeploymentPostprocessing = 0;
		};
		747B3F9C292C929700992A5F /* Sources */ = {
			isa = PBXSourcesBuildPhase;
			buildActionMask = 2147483647;
			files = (
				747B3FA5292C929700992A5F /* LandmarksTests.swift in Sources */,
			);
			runOnlyForDeploymentPostprocessing = 0;
		};
		747B3FA6292C929700992A5F /* Sources */ = {
			isa = PBXSourcesBuildPhase;
			buildActionMask = 2147483647;
			files = (
				747B3FB1292C929700992A5F /* LandmarksUITestsLaunchTests.swift in Sources */,
				747B3FAF292C929700992A5F /* LandmarksUITests.swift in Sources */,
			);
			runOnlyForDeploymentPostprocessing = 0;
		};
/* End PBXSourcesBuildPhase section */

/* Begin PBXTargetDependency section */
		747B3FA2292C929700992A5F /* PBXTargetDependency */ = {
			isa = PBXTargetDependency;
			target = 747B3F8F292C929500992A5F /* Landmarks */;
			targetProxy = 747B3FA1292C929700992A5F /* PBXContainerItemProxy */;
		};
		747B3FAC292C929700992A5F /* PBXTargetDependency */ = {
			isa = PBXTargetDependency;
			target = 747B3F8F292C929500992A5F /* Landmarks */;
			targetProxy = 747B3FAB292C929700992A5F /* PBXContainerItemProxy */;
		};
/* End PBXTargetDependency section */

/* Begin XCBuildConfiguration section */
		747B3FB2292C929700992A5F /* Debug */ = {
			isa = XCBuildConfiguration;
			buildSettings = {
				ALWAYS_SEARCH_USER_PATHS = NO;
				CLANG_ANALYZER_NONNULL = YES;
				CLANG_ANALYZER_NUMBER_OBJECT_CONVERSION = YES_AGGRESSIVE;
				CLANG_CXX_LANGUAGE_STANDARD = "gnu++20";
				CLANG_ENABLE_MODULES = YES;
				CLANG_ENABLE_OBJC_ARC = YES;
				CLANG_ENABLE_OBJC_WEAK = YES;
				CLANG_WARN_BLOCK_CAPTURE_AUTORELEASING = YES;
				CLANG_WARN_BOOL_CONVERSION = YES;
				CLANG_WARN_COMMA = YES;
				CLANG_WARN_CONSTANT_CONVERSION = YES;
				CLANG_WARN_DEPRECATED_OBJC_IMPLEMENTATIONS = YES;
				CLANG_WARN_DIRECT_OBJC_ISA_USAGE = YES_ERROR;
				CLANG_WARN_DOCUMENTATION_COMMENTS = YES;
				CLANG_WARN_EMPTY_BODY = YES;
				CLANG_WARN_ENUM_CONVERSION = YES;
				CLANG_WARN_INFINITE_RECURSION = YES;
				CLANG_WARN_INT_CONVERSION = YES;
				CLANG_WARN_NON_LITERAL_NULL_CONVERSION = YES;
				CLANG_WARN_OBJC_IMPLICIT_RETAIN_SELF = YES;
				CLANG_WARN_OBJC_LITERAL_CONVERSION = YES;
				CLANG_WARN_OBJC_ROOT_CLASS = YES_ERROR;
				CLANG_WARN_QUOTED_INCLUDE_IN_FRAMEWORK_HEADER = YES;
				CLANG_WARN_RANGE_LOOP_ANALYSIS = YES;
				CLANG_WARN_STRICT_PROTOTYPES = YES;
				CLANG_WARN_SUSPICIOUS_MOVE = YES;
				CLANG_WARN_UNGUARDED_AVAILABILITY = YES_AGGRESSIVE;
				CLANG_WARN_UNREACHABLE_CODE = YES;
				CLANG_WARN__DUPLICATE_METHOD_MATCH = YES;
				COPY_PHASE_STRIP = NO;
				DEBUG_INFORMATION_FORMAT = dwarf;
				ENABLE_STRICT_OBJC_MSGSEND = YES;
				ENABLE_TESTABILITY = YES;
				GCC_C_LANGUAGE_STANDARD = gnu11;
				GCC_DYNAMIC_NO_PIC = NO;
				GCC_NO_COMMON_BLOCKS = YES;
				GCC_OPTIMIZATION_LEVEL = 0;
				GCC_PREPROCESSOR_DEFINITIONS = (
					"DEBUG=1",
					"$(inherited)",
				);
				GCC_WARN_64_TO_32_BIT_CONVERSION = YES;
				GCC_WARN_ABOUT_RETURN_TYPE = YES_ERROR;
				GCC_WARN_UNDECLARED_SELECTOR = YES;
				GCC_WARN_UNINITIALIZED_AUTOS = YES_AGGRESSIVE;
				GCC_WARN_UNUSED_FUNCTION = YES;
				GCC_WARN_UNUSED_VARIABLE = YES;
				IPHONEOS_DEPLOYMENT_TARGET = 16.0;
				MTL_ENABLE_DEBUG_INFO = INCLUDE_SOURCE;
				MTL_FAST_MATH = YES;
				ONLY_ACTIVE_ARCH = YES;
				SDKROOT = iphoneos;
				SWIFT_ACTIVE_COMPILATION_CONDITIONS = DEBUG;
				SWIFT_OPTIMIZATION_LEVEL = "-Onone";
			};
			name = Debug;
		};
		747B3FB3292C929700992A5F /* Release */ = {
			isa = XCBuildConfiguration;
			buildSettings = {
				ALWAYS_SEARCH_USER_PATHS = NO;
				CLANG_ANALYZER_NONNULL = YES;
				CLANG_ANALYZER_NUMBER_OBJECT_CONVERSION = YES_AGGRESSIVE;
				CLANG_CXX_LANGUAGE_STANDARD = "gnu++20";
				CLANG_ENABLE_MODULES = YES;
				CLANG_ENABLE_OBJC_ARC = YES;
				CLANG_ENABLE_OBJC_WEAK = YES;
				CLANG_WARN_BLOCK_CAPTURE_AUTORELEASING = YES;
				CLANG_WARN_BOOL_CONVERSION = YES;
				CLANG_WARN_COMMA = YES;
				CLANG_WARN_CONSTANT_CONVERSION = YES;
				CLANG_WARN_DEPRECATED_OBJC_IMPLEMENTATIONS = YES;
				CLANG_WARN_DIRECT_OBJC_ISA_USAGE = YES_ERROR;
				CLANG_WARN_DOCUMENTATION_COMMENTS = YES;
				CLANG_WARN_EMPTY_BODY = YES;
				CLANG_WARN_ENUM_CONVERSION = YES;
				CLANG_WARN_INFINITE_RECURSION = YES;
				CLANG_WARN_INT_CONVERSION = YES;
				CLANG_WARN_NON_LITERAL_NULL_CONVERSION = YES;
				CLANG_WARN_OBJC_IMPLICIT_RETAIN_SELF = YES;
				CLANG_WARN_OBJC_LITERAL_CONVERSION = YES;
				CLANG_WARN_OBJC_ROOT_CLASS = YES_ERROR;
				CLANG_WARN_QUOTED_INCLUDE_IN_FRAMEWORK_HEADER = YES;
				CLANG_WARN_RANGE_LOOP_ANALYSIS = YES;
				CLANG_WARN_STRICT_PROTOTYPES = YES;
				CLANG_WARN_SUSPICIOUS_MOVE = YES;
				CLANG_WARN_UNGUARDED_AVAILABILITY = YES_AGGRESSIVE;
				CLANG_WARN_UNREACHABLE_CODE = YES;
				CLANG_WARN__DUPLICATE_METHOD_MATCH = YES;
				COPY_PHASE_STRIP = NO;
				DEBUG_INFORMATION_FORMAT = "dwarf-with-dsym";
				ENABLE_NS_ASSERTIONS = NO;
				ENABLE_STRICT_OBJC_MSGSEND = YES;
				GCC_C_LANGUAGE_STANDARD = gnu11;
				GCC_NO_COMMON_BLOCKS = YES;
				GCC_WARN_64_TO_32_BIT_CONVERSION = YES;
				GCC_WARN_ABOUT_RETURN_TYPE = YES_ERROR;
				GCC_WARN_UNDECLARED_SELECTOR = YES;
				GCC_WARN_UNINITIALIZED_AUTOS = YES_AGGRESSIVE;
				GCC_WARN_UNUSED_FUNCTION = YES;
				GCC_WARN_UNUSED_VARIABLE = YES;
				IPHONEOS_DEPLOYMENT_TARGET = 16.0;
				MTL_ENABLE_DEBUG_INFO = NO;
				MTL_FAST_MATH = YES;
				SDKROOT = iphoneos;
				SWIFT_COMPILATION_MODE = wholemodule;
				SWIFT_OPTIMIZATION_LEVEL = "-O";
				VALIDATE_PRODUCT = YES;
			};
			name = Release;
		};
		747B3FB5292C929700992A5F /* Debug */ = {
			isa = XCBuildConfiguration;
			buildSettings = {
				ASSETCATALOG_COMPILER_APPICON_NAME = AppIcon;
				ASSETCATALOG_COMPILER_GLOBAL_ACCENT_COLOR_NAME = AccentColor;
				CODE_SIGN_STYLE = Automatic;
				CURRENT_PROJECT_VERSION = 1;
				DEVELOPMENT_ASSET_PATHS = "\"Landmarks/Preview Content\"";
				ENABLE_PREVIEWS = YES;
				GENERATE_INFOPLIST_FILE = YES;
				INFOPLIST_KEY_UIApplicationSceneManifest_Generation = YES;
				INFOPLIST_KEY_UIApplicationSupportsIndirectInputEvents = YES;
				INFOPLIST_KEY_UILaunchScreen_Generation = YES;
				INFOPLIST_KEY_UISupportedInterfaceOrientations_iPad = "UIInterfaceOrientationPortrait UIInterfaceOrientationPortraitUpsideDown UIInterfaceOrientationLandscapeLeft UIInterfaceOrientationLandscapeRight";
				INFOPLIST_KEY_UISupportedInterfaceOrientations_iPhone = "UIInterfaceOrientationPortrait UIInterfaceOrientationLandscapeLeft UIInterfaceOrientationLandscapeRight";
				LD_RUNPATH_SEARCH_PATHS = (
					"$(inherited)",
					"@executable_path/Frameworks",
				);
				MARKETING_VERSION = 1.0;
				PRODUCT_BUNDLE_IDENTIFIER = com.vaib.Landmarks;
				PRODUCT_NAME = "$(TARGET_NAME)";
				SWIFT_EMIT_LOC_STRINGS = YES;
				SWIFT_VERSION = 5.0;
				TARGETED_DEVICE_FAMILY = "1,2";
			};
			name = Debug;
		};
		747B3FB6292C929700992A5F /* Release */ = {
			isa = XCBuildConfiguration;
			buildSettings = {
				ASSETCATALOG_COMPILER_APPICON_NAME = AppIcon;
				ASSETCATALOG_COMPILER_GLOBAL_ACCENT_COLOR_NAME = AccentColor;
				CODE_SIGN_STYLE = Automatic;
				CURRENT_PROJECT_VERSION = 1;
				DEVELOPMENT_ASSET_PATHS = "\"Landmarks/Preview Content\"";
				ENABLE_PREVIEWS = YES;
				GENERATE_INFOPLIST_FILE = YES;
				INFOPLIST_KEY_UIApplicationSceneManifest_Generation = YES;
				INFOPLIST_KEY_UIApplicationSupportsIndirectInputEvents = YES;
				INFOPLIST_KEY_UILaunchScreen_Generation = YES;
				INFOPLIST_KEY_UISupportedInterfaceOrientations_iPad = "UIInterfaceOrientationPortrait UIInterfaceOrientationPortraitUpsideDown UIInterfaceOrientationLandscapeLeft UIInterfaceOrientationLandscapeRight";
				INFOPLIST_KEY_UISupportedInterfaceOrientations_iPhone = "UIInterfaceOrientationPortrait UIInterfaceOrientationLandscapeLeft UIInterfaceOrientationLandscapeRight";
				LD_RUNPATH_SEARCH_PATHS = (
					"$(inherited)",
					"@executable_path/Frameworks",
				);
				MARKETING_VERSION = 1.0;
				PRODUCT_BUNDLE_IDENTIFIER = com.vaib.Landmarks;
				PRODUCT_NAME = "$(TARGET_NAME)";
				SWIFT_EMIT_LOC_STRINGS = YES;
				SWIFT_VERSION = 5.0;
				TARGETED_DEVICE_FAMILY = "1,2";
			};
			name = Release;
		};
		747B3FB8292C929700992A5F /* Debug */ = {
			isa = XCBuildConfiguration;
			buildSettings = {
				ALWAYS_EMBED_SWIFT_STANDARD_LIBRARIES = YES;
				BUNDLE_LOADER = "$(TEST_HOST)";
				CODE_SIGN_STYLE = Automatic;
				CURRENT_PROJECT_VERSION = 1;
				GENERATE_INFOPLIST_FILE = YES;
				IPHONEOS_DEPLOYMENT_TARGET = 16.0;
				MARKETING_VERSION = 1.0;
				PRODUCT_BUNDLE_IDENTIFIER = com.vaib.LandmarksTests;
				PRODUCT_NAME = "$(TARGET_NAME)";
				SWIFT_EMIT_LOC_STRINGS = NO;
				SWIFT_VERSION = 5.0;
				TARGETED_DEVICE_FAMILY = "1,2";
				TEST_HOST = "$(BUILT_PRODUCTS_DIR)/Landmarks.app/$(BUNDLE_EXECUTABLE_FOLDER_PATH)/Landmarks";
			};
			name = Debug;
		};
		747B3FB9292C929700992A5F /* Release */ = {
			isa = XCBuildConfiguration;
			buildSettings = {
				ALWAYS_EMBED_SWIFT_STANDARD_LIBRARIES = YES;
				BUNDLE_LOADER = "$(TEST_HOST)";
				CODE_SIGN_STYLE = Automatic;
				CURRENT_PROJECT_VERSION = 1;
				GENERATE_INFOPLIST_FILE = YES;
				IPHONEOS_DEPLOYMENT_TARGET = 16.0;
				MARKETING_VERSION = 1.0;
				PRODUCT_BUNDLE_IDENTIFIER = com.vaib.LandmarksTests;
				PRODUCT_NAME = "$(TARGET_NAME)";
				SWIFT_EMIT_LOC_STRINGS = NO;
				SWIFT_VERSION = 5.0;
				TARGETED_DEVICE_FAMILY = "1,2";
				TEST_HOST = "$(BUILT_PRODUCTS_DIR)/Landmarks.app/$(BUNDLE_EXECUTABLE_FOLDER_PATH)/Landmarks";
			};
			name = Release;
		};
		747B3FBB292C929700992A5F /* Debug */ = {
			isa = XCBuildConfiguration;
			buildSettings = {
				ALWAYS_EMBED_SWIFT_STANDARD_LIBRARIES = YES;
				CODE_SIGN_STYLE = Automatic;
				CURRENT_PROJECT_VERSION = 1;
				GENERATE_INFOPLIST_FILE = YES;
				MARKETING_VERSION = 1.0;
				PRODUCT_BUNDLE_IDENTIFIER = com.vaib.LandmarksUITests;
				PRODUCT_NAME = "$(TARGET_NAME)";
				SWIFT_EMIT_LOC_STRINGS = NO;
				SWIFT_VERSION = 5.0;
				TARGETED_DEVICE_FAMILY = "1,2";
				TEST_TARGET_NAME = Landmarks;
			};
			name = Debug;
		};
		747B3FBC292C929700992A5F /* Release */ = {
			isa = XCBuildConfiguration;
			buildSettings = {
				ALWAYS_EMBED_SWIFT_STANDARD_LIBRARIES = YES;
				CODE_SIGN_STYLE = Automatic;
				CURRENT_PROJECT_VERSION = 1;
				GENERATE_INFOPLIST_FILE = YES;
				MARKETING_VERSION = 1.0;
				PRODUCT_BUNDLE_IDENTIFIER = com.vaib.LandmarksUITests;
				PRODUCT_NAME = "$(TARGET_NAME)";
				SWIFT_EMIT_LOC_STRINGS = NO;
				SWIFT_VERSION = 5.0;
				TARGETED_DEVICE_FAMILY = "1,2";
				TEST_TARGET_NAME = Landmarks;
			};
			name = Release;
		};
/* End XCBuildConfiguration section */

/* Begin XCConfigurationList section */
		747B3F8B292C929400992A5F /* Build configuration list for PBXProject "Landmarks" */ = {
			isa = XCConfigurationList;
			buildConfigurations = (
				747B3FB2292C929700992A5F /* Debug */,
				747B3FB3292C929700992A5F /* Release */,
			);
			defaultConfigurationIsVisible = 0;
			defaultConfigurationName = Release;
		};
		747B3FB4292C929700992A5F /* Build configuration list for PBXNativeTarget "Landmarks" */ = {
			isa = XCConfigurationList;
			buildConfigurations = (
				747B3FB5292C929700992A5F /* Debug */,
				747B3FB6292C929700992A5F /* Release */,
			);
			defaultConfigurationIsVisible = 0;
			defaultConfigurationName = Release;
		};
		747B3FB7292C929700992A5F /* Build configuration list for PBXNativeTarget "LandmarksTests" */ = {
			isa = XCConfigurationList;
			buildConfigurations = (
				747B3FB8292C929700992A5F /* Debug */,
				747B3FB9292C929700992A5F /* Release */,
			);
			defaultConfigurationIsVisible = 0;
			defaultConfigurationName = Release;
		};
		747B3FBA292C929700992A5F /* Build configuration list for PBXNativeTarget "LandmarksUITests" */ = {
			isa = XCConfigurationList;
			buildConfigurations = (
				747B3FBB292C929700992A5F /* Debug */,
				747B3FBC292C929700992A5F /* Release */,
			);
			defaultConfigurationIsVisible = 0;
			defaultConfigurationName = Release;
		};
/* End XCConfigurationList section */
	};
	rootObject = 747B3F88292C929400992A5F /* Project object */;
}
